
Microsoft Visual Studio Solution File, Format Version 12.00
# Visual Studio 15
VisualStudioVersion = 15.0.27130.2010
MinimumVisualStudioVersion = 10.0.40219.1
Project("{FAE04EC0-301F-11D3-BF4B-00C04F79EFBC}") = "TarefaWeb", "TarefaWeb\TarefaWeb.csproj", "{C3C088CE-EC63-4037-87E0-1BB8A2ABD17D}"
EndProject
Global
	GlobalSection(SolutionConfigurationPlatforms) = preSolution
		Debug|Any CPU = Debug|Any CPU
		Release|Any CPU = Release|Any CPU
	EndGlobalSection
	GlobalSection(ProjectConfigurationPlatforms) = postSolution
		{C3C088CE-EC63-4037-87E0-1BB8A2ABD17D}.Debug|Any CPU.ActiveCfg = Debug|Any CPU
		{C3C088CE-EC63-4037-87E0-1BB8A2ABD17D}.Debug|Any CPU.Build.0 = Debug|Any CPU
		{C3C088CE-EC63-4037-87E0-1BB8A2ABD17D}.Release|Any CPU.ActiveCfg = Release|Any CPU
		{C3C088CE-EC63-4037-87E0-1BB8A2ABD17D}.Release|Any CPU.Build.0 = Release|Any CPU
	EndGlobalSection
	GlobalSection(SolutionProperties) = preSolution
		HideSolutionNode = FALSE
	EndGlobalSection
	GlobalSection(ExtensibilityGlobals) = postSolution
		SolutionGuid = {E94A9F27-10F1-45D0-89D4-D5890206685E}
	EndGlobalSection
EndGlobal
